{"filter":false,"title":"package-lock.json","tooltip":"/flashcards/package-lock.json","undoManager":{"mark":-1,"position":-1,"stack":[]},"ace":{"folds":[],"scrolltop":0,"scrollleft":0,"selection":{"start":{"row":4,"column":19},"end":{"row":4,"column":19},"isBackwards":false},"options":{"guessTabSize":true,"useWrapMode":false,"wrapToView":true},"firstLineState":0},"timestamp":1501533553432,"hash":"06c119b7256b541e3eadcadf8eff04a7eb05ba24"}